
Microsoft Visual Studio Solution File, Format Version 12.00
# Visual Studio 14
VisualStudioVersion = 14.0.23107.0
MinimumVisualStudioVersion = 10.0.40219.1
Project("{FAE04EC0-301F-11D3-BF4B-00C04F79EFBC}") = "dsd", "dsd\dsd.csproj", "{3A036661-7FE7-4A64-A52D-30857CE0D5E7}"
EndProject
Project("{FAE04EC0-301F-11D3-BF4B-00C04F79EFBC}") = "SK2", "SK2\SK2.csproj", "{48B41F83-9354-4D95-92F7-01569A14BD2C}"
EndProject
Global
	GlobalSection(SolutionConfigurationPlatforms) = preSolution
		Debug|Any CPU = Debug|Any CPU
		Release|Any CPU = Release|Any CPU
	EndGlobalSection
	GlobalSection(ProjectConfigurationPlatforms) = postSolution
		{3A036661-7FE7-4A64-A52D-30857CE0D5E7}.Debug|Any CPU.ActiveCfg = Debug|Any CPU
		{3A036661-7FE7-4A64-A52D-30857CE0D5E7}.Debug|Any CPU.Build.0 = Debug|Any CPU
		{3A036661-7FE7-4A64-A52D-30857CE0D5E7}.Release|Any CPU.ActiveCfg = Release|Any CPU
		{3A036661-7FE7-4A64-A52D-30857CE0D5E7}.Release|Any CPU.Build.0 = Release|Any CPU
		{48B41F83-9354-4D95-92F7-01569A14BD2C}.Debug|Any CPU.ActiveCfg = Debug|Any CPU
		{48B41F83-9354-4D95-92F7-01569A14BD2C}.Debug|Any CPU.Build.0 = Debug|Any CPU
		{48B41F83-9354-4D95-92F7-01569A14BD2C}.Release|Any CPU.ActiveCfg = Release|Any CPU
		{48B41F83-9354-4D95-92F7-01569A14BD2C}.Release|Any CPU.Build.0 = Release|Any CPU
	EndGlobalSection
	GlobalSection(SolutionProperties) = preSolution
		HideSolutionNode = FALSE
	EndGlobalSection
EndGlobal
